
Microsoft Visual Studio Solution File, Format Version 12.00
# Visual Studio 15
VisualStudioVersion = 15.0.28010.2041
MinimumVisualStudioVersion = 10.0.40219.1
Project("{FAE04EC0-301F-11D3-BF4B-00C04F79EFBC}") = "Acuasol.Android", "Acuasol\Acuasol.Android\Acuasol.Android.csproj", "{BCC533E6-1807-4DC0-9CDB-0621B350BBC8}"
EndProject
Project("{FAE04EC0-301F-11D3-BF4B-00C04F79EFBC}") = "Acuasol.iOS", "Acuasol\Acuasol.iOS\Acuasol.iOS.csproj", "{8130776B-8B1B-4BC3-A3FF-611E249CDC2A}"
EndProject
Project("{9A19103F-16F7-4668-BE54-9A1E7A4F7556}") = "Acuasol", "Acuasol\Acuasol\Acuasol.csproj", "{0107821A-939D-4800-ADCD-06FA1AA4809D}"
EndProject
Project("{FAE04EC0-301F-11D3-BF4B-00C04F79EFBC}") = "Acuasol.Dominio", "Acuasol.Dominio\Acuasol.Dominio.csproj", "{AEBA8187-BC23-4EF8-A240-C1783C2E29B7}"
EndProject
Project("{FAE04EC0-301F-11D3-BF4B-00C04F79EFBC}") = "Acuasol.Backend", "Acuasol.Backend\Acuasol.Backend.csproj", "{4109A661-FB1D-4F63-B334-0BEC3C79ADB3}"
EndProject
Project("{FAE04EC0-301F-11D3-BF4B-00C04F79EFBC}") = "Acuasol.API", "Acuasol.API\Acuasol.API.csproj", "{4BA5AC1F-096B-4717-B8D9-DFEF119DE898}"
EndProject
Global
	GlobalSection(SolutionConfigurationPlatforms) = preSolution
		Ad-Hoc|Any CPU = Ad-Hoc|Any CPU
		Ad-Hoc|iPhone = Ad-Hoc|iPhone
		Ad-Hoc|iPhoneSimulator = Ad-Hoc|iPhoneSimulator
		AppStore|Any CPU = AppStore|Any CPU
		AppStore|iPhone = AppStore|iPhone
		AppStore|iPhoneSimulator = AppStore|iPhoneSimulator
		Debug|Any CPU = Debug|Any CPU
		Debug|iPhone = Debug|iPhone
		Debug|iPhoneSimulator = Debug|iPhoneSimulator
		Release|Any CPU = Release|Any CPU
		Release|iPhone = Release|iPhone
		Release|iPhoneSimulator = Release|iPhoneSimulator
	EndGlobalSection
	GlobalSection(ProjectConfigurationPlatforms) = postSolution
		{BCC533E6-1807-4DC0-9CDB-0621B350BBC8}.Ad-Hoc|Any CPU.ActiveCfg = Release|Any CPU
		{BCC533E6-1807-4DC0-9CDB-0621B350BBC8}.Ad-Hoc|Any CPU.Build.0 = Release|Any CPU
		{BCC533E6-1807-4DC0-9CDB-0621B350BBC8}.Ad-Hoc|Any CPU.Deploy.0 = Release|Any CPU
		{BCC533E6-1807-4DC0-9CDB-0621B350BBC8}.Ad-Hoc|iPhone.ActiveCfg = Release|Any CPU
		{BCC533E6-1807-4DC0-9CDB-0621B350BBC8}.Ad-Hoc|iPhone.Build.0 = Release|Any CPU
		{BCC533E6-1807-4DC0-9CDB-0621B350BBC8}.Ad-Hoc|iPhone.Deploy.0 = Release|Any CPU
		{BCC533E6-1807-4DC0-9CDB-0621B350BBC8}.Ad-Hoc|iPhoneSimulator.ActiveCfg = Release|Any CPU
		{BCC533E6-1807-4DC0-9CDB-0621B350BBC8}.Ad-Hoc|iPhoneSimulator.Build.0 = Release|Any CPU
		{BCC533E6-1807-4DC0-9CDB-0621B350BBC8}.Ad-Hoc|iPhoneSimulator.Deploy.0 = Release|Any CPU
		{BCC533E6-1807-4DC0-9CDB-0621B350BBC8}.AppStore|Any CPU.ActiveCfg = Release|Any CPU
		{BCC533E6-1807-4DC0-9CDB-0621B350BBC8}.AppStore|Any CPU.Build.0 = Release|Any CPU
		{BCC533E6-1807-4DC0-9CDB-0621B350BBC8}.AppStore|Any CPU.Deploy.0 = Release|Any CPU
		{BCC533E6-1807-4DC0-9CDB-0621B350BBC8}.AppStore|iPhone.ActiveCfg = Release|Any CPU
		{BCC533E6-1807-4DC0-9CDB-0621B350BBC8}.AppStore|iPhone.Build.0 = Release|Any CPU
		{BCC533E6-1807-4DC0-9CDB-0621B350BBC8}.AppStore|iPhone.Deploy.0 = Release|Any CPU
		{BCC533E6-1807-4DC0-9CDB-0621B350BBC8}.AppStore|iPhoneSimulator.ActiveCfg = Release|Any CPU
		{BCC533E6-1807-4DC0-9CDB-0621B350BBC8}.AppStore|iPhoneSimulator.Build.0 = Release|Any CPU
		{BCC533E6-1807-4DC0-9CDB-0621B350BBC8}.AppStore|iPhoneSimulator.Deploy.0 = Release|Any CPU
		{BCC533E6-1807-4DC0-9CDB-0621B350BBC8}.Debug|Any CPU.ActiveCfg = Debug|Any CPU
		{BCC533E6-1807-4DC0-9CDB-0621B350BBC8}.Debug|Any CPU.Build.0 = Debug|Any CPU
		{BCC533E6-1807-4DC0-9CDB-0621B350BBC8}.Debug|Any CPU.Deploy.0 = Debug|Any CPU
		{BCC533E6-1807-4DC0-9CDB-0621B350BBC8}.Debug|iPhone.ActiveCfg = Debug|Any CPU
		{BCC533E6-1807-4DC0-9CDB-0621B350BBC8}.Debug|iPhone.Build.0 = Debug|Any CPU
		{BCC533E6-1807-4DC0-9CDB-0621B350BBC8}.Debug|iPhone.Deploy.0 = Debug|Any CPU
		{BCC533E6-1807-4DC0-9CDB-0621B350BBC8}.Debug|iPhoneSimulator.ActiveCfg = Debug|Any CPU
		{BCC533E6-1807-4DC0-9CDB-0621B350BBC8}.Debug|iPhoneSimulator.Build.0 = Debug|Any CPU
		{BCC533E6-1807-4DC0-9CDB-0621B350BBC8}.Debug|iPhoneSimulator.Deploy.0 = Debug|Any CPU
		{BCC533E6-1807-4DC0-9CDB-0621B350BBC8}.Release|Any CPU.ActiveCfg = Release|Any CPU
		{BCC533E6-1807-4DC0-9CDB-0621B350BBC8}.Release|Any CPU.Build.0 = Release|Any CPU
		{BCC533E6-1807-4DC0-9CDB-0621B350BBC8}.Release|Any CPU.Deploy.0 = Release|Any CPU
		{BCC533E6-1807-4DC0-9CDB-0621B350BBC8}.Release|iPhone.ActiveCfg = Release|Any CPU
		{BCC533E6-1807-4DC0-9CDB-0621B350BBC8}.Release|iPhone.Build.0 = Release|Any CPU
		{BCC533E6-1807-4DC0-9CDB-0621B350BBC8}.Release|iPhone.Deploy.0 = Release|Any CPU
		{BCC533E6-1807-4DC0-9CDB-0621B350BBC8}.Release|iPhoneSimulator.ActiveCfg = Release|Any CPU
		{BCC533E6-1807-4DC0-9CDB-0621B350BBC8}.Release|iPhoneSimulator.Build.0 = Release|Any CPU
		{BCC533E6-1807-4DC0-9CDB-0621B350BBC8}.Release|iPhoneSimulator.Deploy.0 = Release|Any CPU
		{8130776B-8B1B-4BC3-A3FF-611E249CDC2A}.Ad-Hoc|Any CPU.ActiveCfg = Ad-Hoc|iPhone
		{8130776B-8B1B-4BC3-A3FF-611E249CDC2A}.Ad-Hoc|Any CPU.Build.0 = Ad-Hoc|iPhone
		{8130776B-8B1B-4BC3-A3FF-611E249CDC2A}.Ad-Hoc|Any CPU.Deploy.0 = Ad-Hoc|iPhone
		{8130776B-8B1B-4BC3-A3FF-611E249CDC2A}.Ad-Hoc|iPhone.ActiveCfg = Ad-Hoc|iPhone
		{8130776B-8B1B-4BC3-A3FF-611E249CDC2A}.Ad-Hoc|iPhone.Build.0 = Ad-Hoc|iPhone
		{8130776B-8B1B-4BC3-A3FF-611E249CDC2A}.Ad-Hoc|iPhone.Deploy.0 = Ad-Hoc|iPhone
		{8130776B-8B1B-4BC3-A3FF-611E249CDC2A}.Ad-Hoc|iPhoneSimulator.ActiveCfg = Ad-Hoc|iPhoneSimulator
		{8130776B-8B1B-4BC3-A3FF-611E249CDC2A}.Ad-Hoc|iPhoneSimulator.Build.0 = Ad-Hoc|iPhoneSimulator
		{8130776B-8B1B-4BC3-A3FF-611E249CDC2A}.Ad-Hoc|iPhoneSimulator.Deploy.0 = Ad-Hoc|iPhoneSimulator
		{8130776B-8B1B-4BC3-A3FF-611E249CDC2A}.AppStore|Any CPU.ActiveCfg = AppStore|iPhone
		{8130776B-8B1B-4BC3-A3FF-611E249CDC2A}.AppStore|Any CPU.Build.0 = AppStore|iPhone
		{8130776B-8B1B-4BC3-A3FF-611E249CDC2A}.AppStore|Any CPU.Deploy.0 = AppStore|iPhone
		{8130776B-8B1B-4BC3-A3FF-611E249CDC2A}.AppStore|iPhone.ActiveCfg = AppStore|iPhone
		{8130776B-8B1B-4BC3-A3FF-611E249CDC2A}.AppStore|iPhone.Build.0 = AppStore|iPhone
		{8130776B-8B1B-4BC3-A3FF-611E249CDC2A}.AppStore|iPhone.Deploy.0 = AppStore|iPhone
		{8130776B-8B1B-4BC3-A3FF-611E249CDC2A}.AppStore|iPhoneSimulator.ActiveCfg = AppStore|iPhoneSimulator
		{8130776B-8B1B-4BC3-A3FF-611E249CDC2A}.AppStore|iPhoneSimulator.Build.0 = AppStore|iPhoneSimulator
		{8130776B-8B1B-4BC3-A3FF-611E249CDC2A}.AppStore|iPhoneSimulator.Deploy.0 = AppStore|iPhoneSimulator
		{8130776B-8B1B-4BC3-A3FF-611E249CDC2A}.Debug|Any CPU.ActiveCfg = Debug|iPhoneSimulator
		{8130776B-8B1B-4BC3-A3FF-611E249CDC2A}.Debug|Any CPU.Build.0 = Debug|iPhoneSimulator
		{8130776B-8B1B-4BC3-A3FF-611E249CDC2A}.Debug|Any CPU.Deploy.0 = Debug|iPhoneSimulator
		{8130776B-8B1B-4BC3-A3FF-611E249CDC2A}.Debug|iPhone.ActiveCfg = Debug|iPhone
		{8130776B-8B1B-4BC3-A3FF-611E249CDC2A}.Debug|iPhone.Build.0 = Debug|iPhone
		{8130776B-8B1B-4BC3-A3FF-611E249CDC2A}.Debug|iPhone.Deploy.0 = Debug|iPhone
		{8130776B-8B1B-4BC3-A3FF-611E249CDC2A}.Debug|iPhoneSimulator.ActiveCfg = Debug|iPhoneSimulator
		{8130776B-8B1B-4BC3-A3FF-611E249CDC2A}.Debug|iPhoneSimulator.Build.0 = Debug|iPhoneSimulator
		{8130776B-8B1B-4BC3-A3FF-611E249CDC2A}.Debug|iPhoneSimulator.Deploy.0 = Debug|iPhoneSimulator
		{8130776B-8B1B-4BC3-A3FF-611E249CDC2A}.Release|Any CPU.ActiveCfg = Release|iPhone
		{8130776B-8B1B-4BC3-A3FF-611E249CDC2A}.Release|Any CPU.Build.0 = Release|iPhone
		{8130776B-8B1B-4BC3-A3FF-611E249CDC2A}.Release|Any CPU.Deploy.0 = Release|iPhone
		{8130776B-8B1B-4BC3-A3FF-611E249CDC2A}.Release|iPhone.ActiveCfg = Release|iPhone
		{8130776B-8B1B-4BC3-A3FF-611E249CDC2A}.Release|iPhone.Build.0 = Release|iPhone
		{8130776B-8B1B-4BC3-A3FF-611E249CDC2A}.Release|iPhone.Deploy.0 = Release|iPhone
		{8130776B-8B1B-4BC3-A3FF-611E249CDC2A}.Release|iPhoneSimulator.ActiveCfg = Release|iPhoneSimulator
		{8130776B-8B1B-4BC3-A3FF-611E249CDC2A}.Release|iPhoneSimulator.Build.0 = Release|iPhoneSimulator
		{8130776B-8B1B-4BC3-A3FF-611E249CDC2A}.Release|iPhoneSimulator.Deploy.0 = Release|iPhoneSimulator
		{0107821A-939D-4800-ADCD-06FA1AA4809D}.Ad-Hoc|Any CPU.ActiveCfg = Debug|Any CPU
		{0107821A-939D-4800-ADCD-06FA1AA4809D}.Ad-Hoc|Any CPU.Build.0 = Debug|Any CPU
		{0107821A-939D-4800-ADCD-06FA1AA4809D}.Ad-Hoc|Any CPU.Deploy.0 = Debug|Any CPU
		{0107821A-939D-4800-ADCD-06FA1AA4809D}.Ad-Hoc|iPhone.ActiveCfg = Debug|Any CPU
		{0107821A-939D-4800-ADCD-06FA1AA4809D}.Ad-Hoc|iPhone.Build.0 = Debug|Any CPU
		{0107821A-939D-4800-ADCD-06FA1AA4809D}.Ad-Hoc|iPhone.Deploy.0 = Debug|Any CPU
		{0107821A-939D-4800-ADCD-06FA1AA4809D}.Ad-Hoc|iPhoneSimulator.ActiveCfg = Debug|Any CPU
		{0107821A-939D-4800-ADCD-06FA1AA4809D}.Ad-Hoc|iPhoneSimulator.Build.0 = Debug|Any CPU
		{0107821A-939D-4800-ADCD-06FA1AA4809D}.Ad-Hoc|iPhoneSimulator.Deploy.0 = Debug|Any CPU
		{0107821A-939D-4800-ADCD-06FA1AA4809D}.AppStore|Any CPU.ActiveCfg = Debug|Any CPU
		{0107821A-939D-4800-ADCD-06FA1AA4809D}.AppStore|Any CPU.Build.0 = Debug|Any CPU
		{0107821A-939D-4800-ADCD-06FA1AA4809D}.AppStore|Any CPU.Deploy.0 = Debug|Any CPU
		{0107821A-939D-4800-ADCD-06FA1AA4809D}.AppStore|iPhone.ActiveCfg = Debug|Any CPU
		{0107821A-939D-4800-ADCD-06FA1AA4809D}.AppStore|iPhone.Build.0 = Debug|Any CPU
		{0107821A-939D-4800-ADCD-06FA1AA4809D}.AppStore|iPhone.Deploy.0 = Debug|Any CPU
		{0107821A-939D-4800-ADCD-06FA1AA4809D}.AppStore|iPhoneSimulator.ActiveCfg = Debug|Any CPU
		{0107821A-939D-4800-ADCD-06FA1AA4809D}.AppStore|iPhoneSimulator.Build.0 = Debug|Any CPU
		{0107821A-939D-4800-ADCD-06FA1AA4809D}.AppStore|iPhoneSimulator.Deploy.0 = Debug|Any CPU
		{0107821A-939D-4800-ADCD-06FA1AA4809D}.Debug|Any CPU.ActiveCfg = Debug|Any CPU
		{0107821A-939D-4800-ADCD-06FA1AA4809D}.Debug|Any CPU.Build.0 = Debug|Any CPU
		{0107821A-939D-4800-ADCD-06FA1AA4809D}.Debug|Any CPU.Deploy.0 = Debug|Any CPU
		{0107821A-939D-4800-ADCD-06FA1AA4809D}.Debug|iPhone.ActiveCfg = Debug|Any CPU
		{0107821A-939D-4800-ADCD-06FA1AA4809D}.Debug|iPhone.Build.0 = Debug|Any CPU
		{0107821A-939D-4800-ADCD-06FA1AA4809D}.Debug|iPhone.Deploy.0 = Debug|Any CPU
		{0107821A-939D-4800-ADCD-06FA1AA4809D}.Debug|iPhoneSimulator.ActiveCfg = Debug|Any CPU
		{0107821A-939D-4800-ADCD-06FA1AA4809D}.Debug|iPhoneSimulator.Build.0 = Debug|Any CPU
		{0107821A-939D-4800-ADCD-06FA1AA4809D}.Debug|iPhoneSimulator.Deploy.0 = Debug|Any CPU
		{0107821A-939D-4800-ADCD-06FA1AA4809D}.Release|Any CPU.ActiveCfg = Release|Any CPU
		{0107821A-939D-4800-ADCD-06FA1AA4809D}.Release|Any CPU.Build.0 = Release|Any CPU
		{0107821A-939D-4800-ADCD-06FA1AA4809D}.Release|Any CPU.Deploy.0 = Release|Any CPU
		{0107821A-939D-4800-ADCD-06FA1AA4809D}.Release|iPhone.ActiveCfg = Release|Any CPU
		{0107821A-939D-4800-ADCD-06FA1AA4809D}.Release|iPhone.Build.0 = Release|Any CPU
		{0107821A-939D-4800-ADCD-06FA1AA4809D}.Release|iPhone.Deploy.0 = Release|Any CPU
		{0107821A-939D-4800-ADCD-06FA1AA4809D}.Release|iPhoneSimulator.ActiveCfg = Release|Any CPU
		{0107821A-939D-4800-ADCD-06FA1AA4809D}.Release|iPhoneSimulator.Build.0 = Release|Any CPU
		{0107821A-939D-4800-ADCD-06FA1AA4809D}.Release|iPhoneSimulator.Deploy.0 = Release|Any CPU
		{AEBA8187-BC23-4EF8-A240-C1783C2E29B7}.Ad-Hoc|Any CPU.ActiveCfg = Release|Any CPU
		{AEBA8187-BC23-4EF8-A240-C1783C2E29B7}.Ad-Hoc|Any CPU.Build.0 = Release|Any CPU
		{AEBA8187-BC23-4EF8-A240-C1783C2E29B7}.Ad-Hoc|iPhone.ActiveCfg = Release|Any CPU
		{AEBA8187-BC23-4EF8-A240-C1783C2E29B7}.Ad-Hoc|iPhone.Build.0 = Release|Any CPU
		{AEBA8187-BC23-4EF8-A240-C1783C2E29B7}.Ad-Hoc|iPhoneSimulator.ActiveCfg = Release|Any CPU
		{AEBA8187-BC23-4EF8-A240-C1783C2E29B7}.Ad-Hoc|iPhoneSimulator.Build.0 = Release|Any CPU
		{AEBA8187-BC23-4EF8-A240-C1783C2E29B7}.AppStore|Any CPU.ActiveCfg = Release|Any CPU
		{AEBA8187-BC23-4EF8-A240-C1783C2E29B7}.AppStore|Any CPU.Build.0 = Release|Any CPU
		{AEBA8187-BC23-4EF8-A240-C1783C2E29B7}.AppStore|iPhone.ActiveCfg = Release|Any CPU
		{AEBA8187-BC23-4EF8-A240-C1783C2E29B7}.AppStore|iPhone.Build.0 = Release|Any CPU
		{AEBA8187-BC23-4EF8-A240-C1783C2E29B7}.AppStore|iPhoneSimulator.ActiveCfg = Release|Any CPU
		{AEBA8187-BC23-4EF8-A240-C1783C2E29B7}.AppStore|iPhoneSimulator.Build.0 = Release|Any CPU
		{AEBA8187-BC23-4EF8-A240-C1783C2E29B7}.Debug|Any CPU.ActiveCfg = Debug|Any CPU
		{AEBA8187-BC23-4EF8-A240-C1783C2E29B7}.Debug|Any CPU.Build.0 = Debug|Any CPU
		{AEBA8187-BC23-4EF8-A240-C1783C2E29B7}.Debug|iPhone.ActiveCfg = Debug|Any CPU
		{AEBA8187-BC23-4EF8-A240-C1783C2E29B7}.Debug|iPhone.Build.0 = Debug|Any CPU
		{AEBA8187-BC23-4EF8-A240-C1783C2E29B7}.Debug|iPhoneSimulator.ActiveCfg = Debug|Any CPU
		{AEBA8187-BC23-4EF8-A240-C1783C2E29B7}.Debug|iPhoneSimulator.Build.0 = Debug|Any CPU
		{AEBA8187-BC23-4EF8-A240-C1783C2E29B7}.Release|Any CPU.ActiveCfg = Release|Any CPU
		{AEBA8187-BC23-4EF8-A240-C1783C2E29B7}.Release|Any CPU.Build.0 = Release|Any CPU
		{AEBA8187-BC23-4EF8-A240-C1783C2E29B7}.Release|iPhone.ActiveCfg = Release|Any CPU
		{AEBA8187-BC23-4EF8-A240-C1783C2E29B7}.Release|iPhone.Build.0 = Release|Any CPU
		{AEBA8187-BC23-4EF8-A240-C1783C2E29B7}.Release|iPhoneSimulator.ActiveCfg = Release|Any CPU
		{AEBA8187-BC23-4EF8-A240-C1783C2E29B7}.Release|iPhoneSimulator.Build.0 = Release|Any CPU
		{4109A661-FB1D-4F63-B334-0BEC3C79ADB3}.Ad-Hoc|Any CPU.ActiveCfg = Release|Any CPU
		{4109A661-FB1D-4F63-B334-0BEC3C79ADB3}.Ad-Hoc|Any CPU.Build.0 = Release|Any CPU
		{4109A661-FB1D-4F63-B334-0BEC3C79ADB3}.Ad-Hoc|iPhone.ActiveCfg = Release|Any CPU
		{4109A661-FB1D-4F63-B334-0BEC3C79ADB3}.Ad-Hoc|iPhone.Build.0 = Release|Any CPU
		{4109A661-FB1D-4F63-B334-0BEC3C79ADB3}.Ad-Hoc|iPhoneSimulator.ActiveCfg = Release|Any CPU
		{4109A661-FB1D-4F63-B334-0BEC3C79ADB3}.Ad-Hoc|iPhoneSimulator.Build.0 = Release|Any CPU
		{4109A661-FB1D-4F63-B334-0BEC3C79ADB3}.AppStore|Any CPU.ActiveCfg = Release|Any CPU
		{4109A661-FB1D-4F63-B334-0BEC3C79ADB3}.AppStore|Any CPU.Build.0 = Release|Any CPU
		{4109A661-FB1D-4F63-B334-0BEC3C79ADB3}.AppStore|iPhone.ActiveCfg = Release|Any CPU
		{4109A661-FB1D-4F63-B334-0BEC3C79ADB3}.AppStore|iPhone.Build.0 = Release|Any CPU
		{4109A661-FB1D-4F63-B334-0BEC3C79ADB3}.AppStore|iPhoneSimulator.ActiveCfg = Release|Any CPU
		{4109A661-FB1D-4F63-B334-0BEC3C79ADB3}.AppStore|iPhoneSimulator.Build.0 = Release|Any CPU
		{4109A661-FB1D-4F63-B334-0BEC3C79ADB3}.Debug|Any CPU.ActiveCfg = Debug|Any CPU
		{4109A661-FB1D-4F63-B334-0BEC3C79ADB3}.Debug|Any CPU.Build.0 = Debug|Any CPU
		{4109A661-FB1D-4F63-B334-0BEC3C79ADB3}.Debug|iPhone.ActiveCfg = Debug|Any CPU
		{4109A661-FB1D-4F63-B334-0BEC3C79ADB3}.Debug|iPhone.Build.0 = Debug|Any CPU
		{4109A661-FB1D-4F63-B334-0BEC3C79ADB3}.Debug|iPhoneSimulator.ActiveCfg = Debug|Any CPU
		{4109A661-FB1D-4F63-B334-0BEC3C79ADB3}.Debug|iPhoneSimulator.Build.0 = Debug|Any CPU
		{4109A661-FB1D-4F63-B334-0BEC3C79ADB3}.Release|Any CPU.ActiveCfg = Release|Any CPU
		{4109A661-FB1D-4F63-B334-0BEC3C79ADB3}.Release|Any CPU.Build.0 = Release|Any CPU
		{4109A661-FB1D-4F63-B334-0BEC3C79ADB3}.Release|iPhone.ActiveCfg = Release|Any CPU
		{4109A661-FB1D-4F63-B334-0BEC3C79ADB3}.Release|iPhone.Build.0 = Release|Any CPU
		{4109A661-FB1D-4F63-B334-0BEC3C79ADB3}.Release|iPhoneSimulator.ActiveCfg = Release|Any CPU
		{4109A661-FB1D-4F63-B334-0BEC3C79ADB3}.Release|iPhoneSimulator.Build.0 = Release|Any CPU
		{4BA5AC1F-096B-4717-B8D9-DFEF119DE898}.Ad-Hoc|Any CPU.ActiveCfg = Release|Any CPU
		{4BA5AC1F-096B-4717-B8D9-DFEF119DE898}.Ad-Hoc|Any CPU.Build.0 = Release|Any CPU
		{4BA5AC1F-096B-4717-B8D9-DFEF119DE898}.Ad-Hoc|iPhone.ActiveCfg = Release|Any CPU
		{4BA5AC1F-096B-4717-B8D9-DFEF119DE898}.Ad-Hoc|iPhone.Build.0 = Release|Any CPU
		{4BA5AC1F-096B-4717-B8D9-DFEF119DE898}.Ad-Hoc|iPhoneSimulator.ActiveCfg = Release|Any CPU
		{4BA5AC1F-096B-4717-B8D9-DFEF119DE898}.Ad-Hoc|iPhoneSimulator.Build.0 = Release|Any CPU
		{4BA5AC1F-096B-4717-B8D9-DFEF119DE898}.AppStore|Any CPU.ActiveCfg = Release|Any CPU
		{4BA5AC1F-096B-4717-B8D9-DFEF119DE898}.AppStore|Any CPU.Build.0 = Release|Any CPU
		{4BA5AC1F-096B-4717-B8D9-DFEF119DE898}.AppStore|iPhone.ActiveCfg = Release|Any CPU
		{4BA5AC1F-096B-4717-B8D9-DFEF119DE898}.AppStore|iPhone.Build.0 = Release|Any CPU
		{4BA5AC1F-096B-4717-B8D9-DFEF119DE898}.AppStore|iPhoneSimulator.ActiveCfg = Release|Any CPU
		{4BA5AC1F-096B-4717-B8D9-DFEF119DE898}.AppStore|iPhoneSimulator.Build.0 = Release|Any CPU
		{4BA5AC1F-096B-4717-B8D9-DFEF119DE898}.Debug|Any CPU.ActiveCfg = Debug|Any CPU
		{4BA5AC1F-096B-4717-B8D9-DFEF119DE898}.Debug|Any CPU.Build.0 = Debug|Any CPU
		{4BA5AC1F-096B-4717-B8D9-DFEF119DE898}.Debug|iPhone.ActiveCfg = Debug|Any CPU
		{4BA5AC1F-096B-4717-B8D9-DFEF119DE898}.Debug|iPhone.Build.0 = Debug|Any CPU
		{4BA5AC1F-096B-4717-B8D9-DFEF119DE898}.Debug|iPhoneSimulator.ActiveCfg = Debug|Any CPU
		{4BA5AC1F-096B-4717-B8D9-DFEF119DE898}.Debug|iPhoneSimulator.Build.0 = Debug|Any CPU
		{4BA5AC1F-096B-4717-B8D9-DFEF119DE898}.Release|Any CPU.ActiveCfg = Release|Any CPU
		{4BA5AC1F-096B-4717-B8D9-DFEF119DE898}.Release|Any CPU.Build.0 = Release|Any CPU
		{4BA5AC1F-096B-4717-B8D9-DFEF119DE898}.Release|iPhone.ActiveCfg = Release|Any CPU
		{4BA5AC1F-096B-4717-B8D9-DFEF119DE898}.Release|iPhone.Build.0 = Release|Any CPU
		{4BA5AC1F-096B-4717-B8D9-DFEF119DE898}.Release|iPhoneSimulator.ActiveCfg = Release|Any CPU
		{4BA5AC1F-096B-4717-B8D9-DFEF119DE898}.Release|iPhoneSimulator.Build.0 = Release|Any CPU
	EndGlobalSection
	GlobalSection(SolutionProperties) = preSolution
		HideSolutionNode = FALSE
	EndGlobalSection
	GlobalSection(ExtensibilityGlobals) = postSolution
		SolutionGuid = {DD8E9E1C-AAF7-4687-9C5E-C520C4B82868}
	EndGlobalSection
EndGlobal
